{
  "nodes": {
    "clj-nix": {
      "inputs": {
        "devshell": "devshell",
        "flake-utils": "flake-utils_2",
        "nixpkgs": [
          "nixpkgs"
        ]
      },
      "locked": {
        "lastModified": 1659540150,
        "narHash": "sha256-FEA04aRQ5R6yZKbVWu1wvYR7ftzMcDK17LfQU7eUISE=",
        "owner": "jlesquembre",
        "repo": "clj-nix",
        "rev": "d6f4871b43018c9f2027a109b09c7a093c68177c",
        "type": "github"
      },
      "original": {
        "owner": "jlesquembre",
        "repo": "clj-nix",
        "type": "github"
      }
    },
    "devshell": {
      "inputs": {
        "flake-utils": "flake-utils",
        "nixpkgs": [
          "clj-nix",
          "nixpkgs"
        ]
      },
      "locked": {
        "lastModified": 1658746384,
        "narHash": "sha256-CCJcoMOcXyZFrV1ag4XMTpAPjLWb4Anbv+ktXFI1ry0=",
        "owner": "numtide",
        "repo": "devshell",
        "rev": "0ffc7937bb5e8141af03d462b468bd071eb18e1b",
        "type": "github"
      },
      "original": {
        "owner": "numtide",
        "repo": "devshell",
        "type": "github"
      }
    },
    "flake-utils": {
      "locked": {
        "lastModified": 1642700792,
        "narHash": "sha256-XqHrk7hFb+zBvRg6Ghl+AZDq03ov6OshJLiSWOoX5es=",
        "owner": "numtide",
        "repo": "flake-utils",
        "rev": "846b2ae0fc4cc943637d3d1def4454213e203cba",
        "type": "github"
      },
      "original": {
        "owner": "numtide",
        "repo": "flake-utils",
        "type": "github"
      }
    },
    "flake-utils_2": {
      "locked": {
        "lastModified": 1656928814,
        "narHash": "sha256-RIFfgBuKz6Hp89yRr7+NR5tzIAbn52h8vT6vXkYjZoM=",
        "owner": "numtide",
        "repo": "flake-utils",
        "rev": "7e2a3b3dfd9af950a856d66b0a7d01e3c18aa249",
        "type": "github"
      },
      "original": {
        "owner": "numtide",
        "repo": "flake-utils",
        "type": "github"
      }
    },
    "flake-utils_3": {
      "locked": {
        "lastModified": 1659877975,
        "narHash": "sha256-zllb8aq3YO3h8B/U0/J1WBgAL8EX5yWf5pMj3G0NAmc=",
        "owner": "numtide",
        "repo": "flake-utils",
        "rev": "c0e246b9b83f637f4681389ecabcb2681b4f3af0",
        "type": "github"
      },
      "original": {
        "owner": "numtide",
        "repo": "flake-utils",
        "type": "github"
      }
    },
    "nixpkgs": {
      "locked": {
        "lastModified": 1659981942,
        "narHash": "sha256-uCFiP/B/NXOWzhN6TKfMbSxtVMk1bVnCrnJRjCF6RmU=",
        "owner": "nixos",
        "repo": "nixpkgs",
        "rev": "39d7f929fbcb1446ad7aa7441b04fb30625a4190",
        "type": "github"
      },
      "original": {
        "owner": "nixos",
        "ref": "nixos-unstable",
        "repo": "nixpkgs",
        "type": "github"
      }
    },
    "root": {
      "inputs": {
        "clj-nix": "clj-nix",
        "flake-utils": "flake-utils_3",
        "nixpkgs": "nixpkgs",
        "wbba": "wbba"
      }
    },
    "wbba": {
      "locked": {
        "lastModified": 1660147714,
        "narHash": "sha256-20SgK+RjrH6aqOWSFa372ITBufPEGbMeBOFjsClYNT8=",
        "owner": "sohalt",
        "repo": "write-babashka-application",
        "rev": "ad23941c9107b753bfe3f2c69390a424643f78ce",
        "type": "github"
      },
      "original": {
        "owner": "sohalt",
        "repo": "write-babashka-application",
        "type": "github"
      }
    }
  },
  "root": "root",
  "version": 7
}
